
Microsoft Visual Studio Solution File, Format Version 12.00
# Visual Studio Version 17
VisualStudioVersion = 17.5.002.0
MinimumVisualStudioVersion = 10.0.40219.1
Project("{9A19103F-16F7-4668-BE54-9A1E7A4F7556}") = "JoinAlgorithmsApp", "JoinAlgorithmsApp.csproj", "{5A37D308-06C2-4B6E-A9B3-A0C9B3A3A725}"
EndProject
Global
	GlobalSection(SolutionConfigurationPlatforms) = preSolution
		Debug|Any CPU = Debug|Any CPU
		Release|Any CPU = Release|Any CPU
	EndGlobalSection
	GlobalSection(ProjectConfigurationPlatforms) = postSolution
		{5A37D308-06C2-4B6E-A9B3-A0C9B3A3A725}.Debug|Any CPU.ActiveCfg = Debug|Any CPU
		{5A37D308-06C2-4B6E-A9B3-A0C9B3A3A725}.Debug|Any CPU.Build.0 = Debug|Any CPU
		{5A37D308-06C2-4B6E-A9B3-A0C9B3A3A725}.Release|Any CPU.ActiveCfg = Release|Any CPU
		{5A37D308-06C2-4B6E-A9B3-A0C9B3A3A725}.Release|Any CPU.Build.0 = Release|Any CPU
	EndGlobalSection
	GlobalSection(SolutionProperties) = preSolution
		HideSolutionNode = FALSE
	EndGlobalSection
	GlobalSection(ExtensibilityGlobals) = postSolution
		SolutionGuid = {1A4CB971-DAE4-4942-9832-B4A8F68840FD}
	EndGlobalSection
EndGlobal
